// !$*UTF8*$!
{
	archiveVersion = 1;
	classes = {
	};
	objectVersion = 50;
	objects = {

/* Begin PBXBuildFile section */
		FB215309262DAAA200BE529D /* MVVM_exampleApp.swift in Sources */ = {isa = PBXBuildFile; fileRef = FB215308262DAAA200BE529D /* MVVM_exampleApp.swift */; };
		FB21530B262DAAA200BE529D /* TodoListView.swift in Sources */ = {isa = PBXBuildFile; fileRef = FB21530A262DAAA200BE529D /* TodoListView.swift */; };
		FB21530D262DAAA300BE529D /* Assets.xcassets in Resources */ = {isa = PBXBuildFile; fileRef = FB21530C262DAAA300BE529D /* Assets.xcassets */; };
		FB215310262DAAA300BE529D /* Preview Assets.xcassets in Resources */ = {isa = PBXBuildFile; fileRef = FB21530F262DAAA300BE529D /* Preview Assets.xcassets */; };
		FB21531C262DAC8300BE529D /* Item.swift in Sources */ = {isa = PBXBuildFile; fileRef = FB21531B262DAC8300BE529D /* Item.swift */; };
		FB215320262DACB900BE529D /* TodoListManager.swift in Sources */ = {isa = PBXBuildFile; fileRef = FB21531F262DACB900BE529D /* TodoListManager.swift */; };
/* End PBXBuildFile section */

/* Begin PBXFileReference section */
		FB215305262DAAA200BE529D /* MVVM example.app */ = {isa = PBXFileReference; explicitFileType = wrapper.application; includeInIndex = 0; path = "MVVM example.app"; sourceTree = BUILT_PRODUCTS_DIR; };
		FB215308262DAAA200BE529D /* MVVM_exampleApp.swift */ = {isa = PBXFileReference; lastKnownFileType = sourcecode.swift; path = MVVM_exampleApp.swift; sourceTree = "<group>"; };
		FB21530A262DAAA200BE529D /* TodoListView.swift */ = {isa = PBXFileReference; lastKnownFileType = sourcecode.swift; path = TodoListView.swift; sourceTree = "<group>"; };
		FB21530C262DAAA300BE529D /* Assets.xcassets */ = {isa = PBXFileReference; lastKnownFileType = folder.assetcatalog; path = Assets.xcassets; sourceTree = "<group>"; };
		FB21530F262DAAA300BE529D /* Preview Assets.xcassets */ = {isa = PBXFileReference; lastKnownFileType = folder.assetcatalog; path = "Preview Assets.xcassets"; sourceTree = "<group>"; };
		FB215311262DAAA300BE529D /* Info.plist */ = {isa = PBXFileReference; lastKnownFileType = text.plist.xml; path = Info.plist; sourceTree = "<group>"; };
		FB21531B262DAC8300BE529D /* Item.swift */ = {isa = PBXFileReference; lastKnownFileType = sourcecode.swift; path = Item.swift; sourceTree = "<group>"; };
		FB21531F262DACB900BE529D /* TodoListManager.swift */ = {isa = PBXFileReference; lastKnownFileType = sourcecode.swift; name = TodoListManager.swift; path = "MVVM example/TodoListManager.swift"; sourceTree = SOURCE_ROOT; };
/* End PBXFileReference section */

/* Begin PBXFrameworksBuildPhase section */
		FB215302262DAAA200BE529D /* Frameworks */ = {
			isa = PBXFrameworksBuildPhase;
			buildActionMask = 2147483647;
			files = (
			);
			runOnlyForDeploymentPostprocessing = 0;
		};
/* End PBXFrameworksBuildPhase section */

/* Begin PBXGroup section */
		FB2152FC262DAAA200BE529D = {
			isa = PBXGroup;
			children = (
				FB215307262DAAA200BE529D /* MVVM example */,
				FB215306262DAAA200BE529D /* Products */,
			);
			sourceTree = "<group>";
		};
		FB215306262DAAA200BE529D /* Products */ = {
			isa = PBXGroup;
			children = (
				FB215305262DAAA200BE529D /* MVVM example.app */,
			);
			name = Products;
			sourceTree = "<group>";
		};
		FB215307262DAAA200BE529D /* MVVM example */ = {
			isa = PBXGroup;
			children = (
				FB21531A262DAC6A00BE529D /* ViewModel */,
				FB215319262DAC6500BE529D /* Views */,
				FB215318262DAC5D00BE529D /* Model */,
				FB215308262DAAA200BE529D /* MVVM_exampleApp.swift */,
				FB21530C262DAAA300BE529D /* Assets.xcassets */,
				FB215311262DAAA300BE529D /* Info.plist */,
				FB21530E262DAAA300BE529D /* Preview Content */,
			);
			path = "MVVM example";
			sourceTree = "<group>";
		};
		FB21530E262DAAA300BE529D /* Preview Content */ = {
			isa = PBXGroup;
			children = (
				FB21530F262DAAA300BE529D /* Preview Assets.xcassets */,
			);
			path = "Preview Content";
			sourceTree = "<group>";
		};
		FB215318262DAC5D00BE529D /* Model */ = {
			isa = PBXGroup;
			children = (
				FB21531B262DAC8300BE529D /* Item.swift */,
			);
			path = Model;
			sourceTree = "<group>";
		};
		FB215319262DAC6500BE529D /* Views */ = {
			isa = PBXGroup;
			children = (
				FB21530A262DAAA200BE529D /* TodoListView.swift */,
			);
			path = Views;
			sourceTree = "<group>";
		};
		FB21531A262DAC6A00BE529D /* ViewModel */ = {
			isa = PBXGroup;
			children = (
				FB21531F262DACB900BE529D /* TodoListManager.swift */,
			);
			path = ViewModel;
			sourceTree = "<group>";
		};
/* End PBXGroup section */

/* Begin PBXNativeTarget section */
		FB215304262DAAA200BE529D /* MVVM example */ = {
			isa = PBXNativeTarget;
			buildConfigurationList = FB215314262DAAA300BE529D /* Build configuration list for PBXNativeTarget "MVVM example" */;
			buildPhases = (
				FB215301262DAAA200BE529D /* Sources */,
				FB215302262DAAA200BE529D /* Frameworks */,
				FB215303262DAAA200BE529D /* Resources */,
			);
			buildRules = (
			);
			dependencies = (
			);
			name = "MVVM example";
			productName = "MVVM example";
			productReference = FB215305262DAAA200BE529D /* MVVM example.app */;
			productType = "com.apple.product-type.application";
		};
/* End PBXNativeTarget section */

/* Begin PBXProject section */
		FB2152FD262DAAA200BE529D /* Project object */ = {
			isa = PBXProject;
			attributes = {
				LastSwiftUpdateCheck = 1240;
				LastUpgradeCheck = 1240;
				TargetAttributes = {
					FB215304262DAAA200BE529D = {
						CreatedOnToolsVersion = 12.4;
					};
				};
			};
			buildConfigurationList = FB215300262DAAA200BE529D /* Build configuration list for PBXProject "MVVM example" */;
			compatibilityVersion = "Xcode 9.3";
			developmentRegion = en;
			hasScannedForEncodings = 0;
			knownRegions = (
				en,
				Base,
			);
			mainGroup = FB2152FC262DAAA200BE529D;
			productRefGroup = FB215306262DAAA200BE529D /* Products */;
			projectDirPath = "";
			projectRoot = "";
			targets = (
				FB215304262DAAA200BE529D /* MVVM example */,
			);
		};
/* End PBXProject section */

/* Begin PBXResourcesBuildPhase section */
		FB215303262DAAA200BE529D /* Resources */ = {
			isa = PBXResourcesBuildPhase;
			buildActionMask = 2147483647;
			files = (
				FB215310262DAAA300BE529D /* Preview Assets.xcassets in Resources */,
				FB21530D262DAAA300BE529D /* Assets.xcassets in Resources */,
			);
			runOnlyForDeploymentPostprocessing = 0;
		};
/* End PBXResourcesBuildPhase section */

/* Begin PBXSourcesBuildPhase section */
		FB215301262DAAA200BE529D /* Sources */ = {
			isa = PBXSourcesBuildPhase;
			buildActionMask = 2147483647;
			files = (
				FB21530B262DAAA200BE529D /* TodoListView.swift in Sources */,
				FB215320262DACB900BE529D /* TodoListManager.swift in Sources */,
				FB21531C262DAC8300BE529D /* Item.swift in Sources */,
				FB215309262DAAA200BE529D /* MVVM_exampleApp.swift in Sources */,
			);
			runOnlyForDeploymentPostprocessing = 0;
		};
/* End PBXSourcesBuildPhase section */

/* Begin XCBuildConfiguration section */
		FB215312262DAAA300BE529D /* Debug */ = {
			isa = XCBuildConfiguration;
			buildSettings = {
				ALWAYS_SEARCH_USER_PATHS = NO;
				CLANG_ANALYZER_NONNULL = YES;
				CLANG_ANALYZER_NUMBER_OBJECT_CONVERSION = YES_AGGRESSIVE;
				CLANG_CXX_LANGUAGE_STANDARD = "gnu++14";
				CLANG_CXX_LIBRARY = "libc++";
				CLANG_ENABLE_MODULES = YES;
				CLANG_ENABLE_OBJC_ARC = YES;
				CLANG_ENABLE_OBJC_WEAK = YES;
				CLANG_WARN_BLOCK_CAPTURE_AUTORELEASING = YES;
				CLANG_WARN_BOOL_CONVERSION = YES;
				CLANG_WARN_COMMA = YES;
				CLANG_WARN_CONSTANT_CONVERSION = YES;
				CLANG_WARN_DEPRECATED_OBJC_IMPLEMENTATIONS = YES;
				CLANG_WARN_DIRECT_OBJC_ISA_USAGE = YES_ERROR;
				CLANG_WARN_DOCUMENTATION_COMMENTS = YES;
				CLANG_WARN_EMPTY_BODY = YES;
				CLANG_WARN_ENUM_CONVERSION = YES;
				CLANG_WARN_INFINITE_RECURSION = YES;
				CLANG_WARN_INT_CONVERSION = YES;
				CLANG_WARN_NON_LITERAL_NULL_CONVERSION = YES;
				CLANG_WARN_OBJC_IMPLICIT_RETAIN_SELF = YES;
				CLANG_WARN_OBJC_LITERAL_CONVERSION = YES;
				CLANG_WARN_OBJC_ROOT_CLASS = YES_ERROR;
				CLANG_WARN_QUOTED_INCLUDE_IN_FRAMEWORK_HEADER = YES;
				CLANG_WARN_RANGE_LOOP_ANALYSIS = YES;
				CLANG_WARN_STRICT_PROTOTYPES = YES;
				CLANG_WARN_SUSPICIOUS_MOVE = YES;
				CLANG_WARN_UNGUARDED_AVAILABILITY = YES_AGGRESSIVE;
				CLANG_WARN_UNREACHABLE_CODE = YES;
				CLANG_WARN__DUPLICATE_METHOD_MATCH = YES;
				COPY_PHASE_STRIP = NO;
				DEBUG_INFORMATION_FORMAT = dwarf;
				ENABLE_STRICT_OBJC_MSGSEND = YES;
				ENABLE_TESTABILITY = YES;
				GCC_C_LANGUAGE_STANDARD = gnu11;
				GCC_DYNAMIC_NO_PIC = NO;
				GCC_NO_COMMON_BLOCKS = YES;
				GCC_OPTIMIZATION_LEVEL = 0;
				GCC_PREPROCESSOR_DEFINITIONS = (
					"DEBUG=1",
					"$(inherited)",
				);
				GCC_WARN_64_TO_32_BIT_CONVERSION = YES;
				GCC_WARN_ABOUT_RETURN_TYPE = YES_ERROR;
				GCC_WARN_UNDECLARED_SELECTOR = YES;
				GCC_WARN_UNINITIALIZED_AUTOS = YES_AGGRESSIVE;
				GCC_WARN_UNUSED_FUNCTION = YES;
				GCC_WARN_UNUSED_VARIABLE = YES;
				IPHONEOS_DEPLOYMENT_TARGET = 14.4;
				MTL_ENABLE_DEBUG_INFO = INCLUDE_SOURCE;
				MTL_FAST_MATH = YES;
				ONLY_ACTIVE_ARCH = YES;
				SDKROOT = iphoneos;
				SWIFT_ACTIVE_COMPILATION_CONDITIONS = DEBUG;
				SWIFT_OPTIMIZATION_LEVEL = "-Onone";
			};
			name = Debug;
		};
		FB215313262DAAA300BE529D /* Release */ = {
			isa = XCBuildConfiguration;
			buildSettings = {
				ALWAYS_SEARCH_USER_PATHS = NO;
				CLANG_ANALYZER_NONNULL = YES;
				CLANG_ANALYZER_NUMBER_OBJECT_CONVERSION = YES_AGGRESSIVE;
				CLANG_CXX_LANGUAGE_STANDARD = "gnu++14";
				CLANG_CXX_LIBRARY = "libc++";
				CLANG_ENABLE_MODULES = YES;
				CLANG_ENABLE_OBJC_ARC = YES;
				CLANG_ENABLE_OBJC_WEAK = YES;
				CLANG_WARN_BLOCK_CAPTURE_AUTORELEASING = YES;
				CLANG_WARN_BOOL_CONVERSION = YES;
				CLANG_WARN_COMMA = YES;
				CLANG_WARN_CONSTANT_CONVERSION = YES;
				CLANG_WARN_DEPRECATED_OBJC_IMPLEMENTATIONS = YES;
				CLANG_WARN_DIRECT_OBJC_ISA_USAGE = YES_ERROR;
				CLANG_WARN_DOCUMENTATION_COMMENTS = YES;
				CLANG_WARN_EMPTY_BODY = YES;
				CLANG_WARN_ENUM_CONVERSION = YES;
				CLANG_WARN_INFINITE_RECURSION = YES;
				CLANG_WARN_INT_CONVERSION = YES;
				CLANG_WARN_NON_LITERAL_NULL_CONVERSION = YES;
				CLANG_WARN_OBJC_IMPLICIT_RETAIN_SELF = YES;
				CLANG_WARN_OBJC_LITERAL_CONVERSION = YES;
				CLANG_WARN_OBJC_ROOT_CLASS = YES_ERROR;
				CLANG_WARN_QUOTED_INCLUDE_IN_FRAMEWORK_HEADER = YES;
				CLANG_WARN_RANGE_LOOP_ANALYSIS = YES;
				CLANG_WARN_STRICT_PROTOTYPES = YES;
				CLANG_WARN_SUSPICIOUS_MOVE = YES;
				CLANG_WARN_UNGUARDED_AVAILABILITY = YES_AGGRESSIVE;
				CLANG_WARN_UNREACHABLE_CODE = YES;
				CLANG_WARN__DUPLICATE_METHOD_MATCH = YES;
				COPY_PHASE_STRIP = NO;
				DEBUG_INFORMATION_FORMAT = "dwarf-with-dsym";
				ENABLE_NS_ASSERTIONS = NO;
				ENABLE_STRICT_OBJC_MSGSEND = YES;
				GCC_C_LANGUAGE_STANDARD = gnu11;
				GCC_NO_COMMON_BLOCKS = YES;
				GCC_WARN_64_TO_32_BIT_CONVERSION = YES;
				GCC_WARN_ABOUT_RETURN_TYPE = YES_ERROR;
				GCC_WARN_UNDECLARED_SELECTOR = YES;
				GCC_WARN_UNINITIALIZED_AUTOS = YES_AGGRESSIVE;
				GCC_WARN_UNUSED_FUNCTION = YES;
				GCC_WARN_UNUSED_VARIABLE = YES;
				IPHONEOS_DEPLOYMENT_TARGET = 14.4;
				MTL_ENABLE_DEBUG_INFO = NO;
				MTL_FAST_MATH = YES;
				SDKROOT = iphoneos;
				SWIFT_COMPILATION_MODE = wholemodule;
				SWIFT_OPTIMIZATION_LEVEL = "-O";
				VALIDATE_PRODUCT = YES;
			};
			name = Release;
		};
		FB215315262DAAA300BE529D /* Debug */ = {
			isa = XCBuildConfiguration;
			buildSettings = {
				ASSETCATALOG_COMPILER_APPICON_NAME = AppIcon;
				ASSETCATALOG_COMPILER_GLOBAL_ACCENT_COLOR_NAME = AccentColor;
				CODE_SIGN_STYLE = Automatic;
				DEVELOPMENT_ASSET_PATHS = "\"MVVM example/Preview Content\"";
				DEVELOPMENT_TEAM = 376A7TU685;
				ENABLE_PREVIEWS = YES;
				INFOPLIST_FILE = "MVVM example/Info.plist";
				IPHONEOS_DEPLOYMENT_TARGET = 14.0;
				LD_RUNPATH_SEARCH_PATHS = (
					"$(inherited)",
					"@executable_path/Frameworks",
				);
				PRODUCT_BUNDLE_IDENTIFIER = "com.leonid.MVVM-example";
				PRODUCT_NAME = "$(TARGET_NAME)";
				SWIFT_VERSION = 5.0;
				TARGETED_DEVICE_FAMILY = "1,2";
			};
			name = Debug;
		};
		FB215316262DAAA300BE529D /* Release */ = {
			isa = XCBuildConfiguration;
			buildSettings = {
				ASSETCATALOG_COMPILER_APPICON_NAME = AppIcon;
				ASSETCATALOG_COMPILER_GLOBAL_ACCENT_COLOR_NAME = AccentColor;
				CODE_SIGN_STYLE = Automatic;
				DEVELOPMENT_ASSET_PATHS = "\"MVVM example/Preview Content\"";
				DEVELOPMENT_TEAM = 376A7TU685;
				ENABLE_PREVIEWS = YES;
				INFOPLIST_FILE = "MVVM example/Info.plist";
				IPHONEOS_DEPLOYMENT_TARGET = 14.0;
				LD_RUNPATH_SEARCH_PATHS = (
					"$(inherited)",
					"@executable_path/Frameworks",
				);
				PRODUCT_BUNDLE_IDENTIFIER = "com.leonid.MVVM-example";
				PRODUCT_NAME = "$(TARGET_NAME)";
				SWIFT_VERSION = 5.0;
				TARGETED_DEVICE_FAMILY = "1,2";
			};
			name = Release;
		};
/* End XCBuildConfiguration section */

/* Begin XCConfigurationList section */
		FB215300262DAAA200BE529D /* Build configuration list for PBXProject "MVVM example" */ = {
			isa = XCConfigurationList;
			buildConfigurations = (
				FB215312262DAAA300BE529D /* Debug */,
				FB215313262DAAA300BE529D /* Release */,
			);
			defaultConfigurationIsVisible = 0;
			defaultConfigurationName = Release;
		};
		FB215314262DAAA300BE529D /* Build configuration list for PBXNativeTarget "MVVM example" */ = {
			isa = XCConfigurationList;
			buildConfigurations = (
				FB215315262DAAA300BE529D /* Debug */,
				FB215316262DAAA300BE529D /* Release */,
			);
			defaultConfigurationIsVisible = 0;
			defaultConfigurationName = Release;
		};
/* End XCConfigurationList section */
	};
	rootObject = FB2152FD262DAAA200BE529D /* Project object */;
}
