// !$*UTF8*$!
{
	archiveVersion = 1;
	classes = {
	};
	objectVersion = 50;
	objects = {

/* Begin PBXBuildFile section */
		FB21537D2630019700BE529D /* LocalisationApp.swift in Sources */ = {isa = PBXBuildFile; fileRef = FB21537C2630019700BE529D /* LocalisationApp.swift */; };
		FB21537F2630019700BE529D /* ContentView.swift in Sources */ = {isa = PBXBuildFile; fileRef = FB21537E2630019700BE529D /* ContentView.swift */; };
		FB2153812630019900BE529D /* Assets.xcassets in Resources */ = {isa = PBXBuildFile; fileRef = FB2153802630019900BE529D /* Assets.xcassets */; };
		FB2153842630019900BE529D /* Preview Assets.xcassets in Resources */ = {isa = PBXBuildFile; fileRef = FB2153832630019900BE529D /* Preview Assets.xcassets */; };
		FB215390263003C800BE529D /* Localizable.strings in Resources */ = {isa = PBXBuildFile; fileRef = FB215392263003C800BE529D /* Localizable.strings */; };
		FB21539E2630042C00BE529D /* Language.swift in Sources */ = {isa = PBXBuildFile; fileRef = FB21539D2630042C00BE529D /* Language.swift */; };
		FB2153A22630048500BE529D /* Strings+localisations.swift in Sources */ = {isa = PBXBuildFile; fileRef = FB2153A12630048500BE529D /* Strings+localisations.swift */; };
		FB2153A82630075100BE529D /* LocalizationService.swift in Sources */ = {isa = PBXBuildFile; fileRef = FB2153A72630075100BE529D /* LocalizationService.swift */; };
		FB2153AB2630085F00BE529D /* SettingsView.swift in Sources */ = {isa = PBXBuildFile; fileRef = FB2153AA2630085F00BE529D /* SettingsView.swift */; };
		FB2153B026300E4600BE529D /* SecondView.swift in Sources */ = {isa = PBXBuildFile; fileRef = FB2153AF26300E4600BE529D /* SecondView.swift */; };
		FB2153B62630173F00BE529D /* InfoPlist.strings in Resources */ = {isa = PBXBuildFile; fileRef = FB2153B82630173F00BE529D /* InfoPlist.strings */; };
/* End PBXBuildFile section */

/* Begin PBXFileReference section */
		FB2153792630019700BE529D /* Localisation.app */ = {isa = PBXFileReference; explicitFileType = wrapper.application; includeInIndex = 0; path = Localisation.app; sourceTree = BUILT_PRODUCTS_DIR; };
		FB21537C2630019700BE529D /* LocalisationApp.swift */ = {isa = PBXFileReference; lastKnownFileType = sourcecode.swift; path = LocalisationApp.swift; sourceTree = "<group>"; };
		FB21537E2630019700BE529D /* ContentView.swift */ = {isa = PBXFileReference; lastKnownFileType = sourcecode.swift; path = ContentView.swift; sourceTree = "<group>"; };
		FB2153802630019900BE529D /* Assets.xcassets */ = {isa = PBXFileReference; lastKnownFileType = folder.assetcatalog; path = Assets.xcassets; sourceTree = "<group>"; };
		FB2153832630019900BE529D /* Preview Assets.xcassets */ = {isa = PBXFileReference; lastKnownFileType = folder.assetcatalog; path = "Preview Assets.xcassets"; sourceTree = "<group>"; };
		FB2153852630019900BE529D /* Info.plist */ = {isa = PBXFileReference; lastKnownFileType = text.plist.xml; path = Info.plist; sourceTree = "<group>"; };
		FB215391263003C800BE529D /* en */ = {isa = PBXFileReference; lastKnownFileType = text.plist.strings; name = en; path = en.lproj/Localizable.strings; sourceTree = "<group>"; };
		FB21539C2630040300BE529D /* ru */ = {isa = PBXFileReference; lastKnownFileType = text.plist.strings; name = ru; path = ru.lproj/Localizable.strings; sourceTree = "<group>"; };
		FB21539D2630042C00BE529D /* Language.swift */ = {isa = PBXFileReference; lastKnownFileType = sourcecode.swift; path = Language.swift; sourceTree = "<group>"; };
		FB2153A12630048500BE529D /* Strings+localisations.swift */ = {isa = PBXFileReference; lastKnownFileType = sourcecode.swift; path = "Strings+localisations.swift"; sourceTree = "<group>"; };
		FB2153A72630075100BE529D /* LocalizationService.swift */ = {isa = PBXFileReference; lastKnownFileType = sourcecode.swift; path = LocalizationService.swift; sourceTree = "<group>"; };
		FB2153AA2630085F00BE529D /* SettingsView.swift */ = {isa = PBXFileReference; lastKnownFileType = sourcecode.swift; path = SettingsView.swift; sourceTree = "<group>"; };
		FB2153AF26300E4600BE529D /* SecondView.swift */ = {isa = PBXFileReference; lastKnownFileType = sourcecode.swift; path = SecondView.swift; sourceTree = "<group>"; };
		FB2153B72630173F00BE529D /* en */ = {isa = PBXFileReference; lastKnownFileType = text.plist.strings; name = en; path = en.lproj/InfoPlist.strings; sourceTree = "<group>"; };
		FB2153BA2630175700BE529D /* ru */ = {isa = PBXFileReference; lastKnownFileType = text.plist.strings; name = ru; path = ru.lproj/InfoPlist.strings; sourceTree = "<group>"; };
/* End PBXFileReference section */

/* Begin PBXFrameworksBuildPhase section */
		FB2153762630019700BE529D /* Frameworks */ = {
			isa = PBXFrameworksBuildPhase;
			buildActionMask = 2147483647;
			files = (
			);
			runOnlyForDeploymentPostprocessing = 0;
		};
/* End PBXFrameworksBuildPhase section */

/* Begin PBXGroup section */
		FB2153702630019700BE529D = {
			isa = PBXGroup;
			children = (
				FB21537B2630019700BE529D /* Localisation */,
				FB21537A2630019700BE529D /* Products */,
			);
			sourceTree = "<group>";
		};
		FB21537A2630019700BE529D /* Products */ = {
			isa = PBXGroup;
			children = (
				FB2153792630019700BE529D /* Localisation.app */,
			);
			name = Products;
			sourceTree = "<group>";
		};
		FB21537B2630019700BE529D /* Localisation */ = {
			isa = PBXGroup;
			children = (
				FB2153B82630173F00BE529D /* InfoPlist.strings */,
				FB215392263003C800BE529D /* Localizable.strings */,
				FB21537C2630019700BE529D /* LocalisationApp.swift */,
				FB21537E2630019700BE529D /* ContentView.swift */,
				FB2153AF26300E4600BE529D /* SecondView.swift */,
				FB2153AA2630085F00BE529D /* SettingsView.swift */,
				FB21539D2630042C00BE529D /* Language.swift */,
				FB2153A12630048500BE529D /* Strings+localisations.swift */,
				FB2153A72630075100BE529D /* LocalizationService.swift */,
				FB2153802630019900BE529D /* Assets.xcassets */,
				FB2153852630019900BE529D /* Info.plist */,
				FB2153822630019900BE529D /* Preview Content */,
			);
			path = Localisation;
			sourceTree = "<group>";
		};
		FB2153822630019900BE529D /* Preview Content */ = {
			isa = PBXGroup;
			children = (
				FB2153832630019900BE529D /* Preview Assets.xcassets */,
			);
			path = "Preview Content";
			sourceTree = "<group>";
		};
/* End PBXGroup section */

/* Begin PBXNativeTarget section */
		FB2153782630019700BE529D /* Localisation */ = {
			isa = PBXNativeTarget;
			buildConfigurationList = FB2153882630019900BE529D /* Build configuration list for PBXNativeTarget "Localisation" */;
			buildPhases = (
				FB2153752630019700BE529D /* Sources */,
				FB2153762630019700BE529D /* Frameworks */,
				FB2153772630019700BE529D /* Resources */,
			);
			buildRules = (
			);
			dependencies = (
			);
			name = Localisation;
			productName = Localisation;
			productReference = FB2153792630019700BE529D /* Localisation.app */;
			productType = "com.apple.product-type.application";
		};
/* End PBXNativeTarget section */

/* Begin PBXProject section */
		FB2153712630019700BE529D /* Project object */ = {
			isa = PBXProject;
			attributes = {
				LastSwiftUpdateCheck = 1240;
				LastUpgradeCheck = 1240;
				TargetAttributes = {
					FB2153782630019700BE529D = {
						CreatedOnToolsVersion = 12.4;
					};
				};
			};
			buildConfigurationList = FB2153742630019700BE529D /* Build configuration list for PBXProject "Localisation" */;
			compatibilityVersion = "Xcode 9.3";
			developmentRegion = en;
			hasScannedForEncodings = 0;
			knownRegions = (
				en,
				ru,
				Base,
			);
			mainGroup = FB2153702630019700BE529D;
			productRefGroup = FB21537A2630019700BE529D /* Products */;
			projectDirPath = "";
			projectRoot = "";
			targets = (
				FB2153782630019700BE529D /* Localisation */,
			);
		};
/* End PBXProject section */

/* Begin PBXResourcesBuildPhase section */
		FB2153772630019700BE529D /* Resources */ = {
			isa = PBXResourcesBuildPhase;
			buildActionMask = 2147483647;
			files = (
				FB2153842630019900BE529D /* Preview Assets.xcassets in Resources */,
				FB2153B62630173F00BE529D /* InfoPlist.strings in Resources */,
				FB215390263003C800BE529D /* Localizable.strings in Resources */,
				FB2153812630019900BE529D /* Assets.xcassets in Resources */,
			);
			runOnlyForDeploymentPostprocessing = 0;
		};
/* End PBXResourcesBuildPhase section */

/* Begin PBXSourcesBuildPhase section */
		FB2153752630019700BE529D /* Sources */ = {
			isa = PBXSourcesBuildPhase;
			buildActionMask = 2147483647;
			files = (
				FB2153B026300E4600BE529D /* SecondView.swift in Sources */,
				FB21539E2630042C00BE529D /* Language.swift in Sources */,
				FB2153A82630075100BE529D /* LocalizationService.swift in Sources */,
				FB21537F2630019700BE529D /* ContentView.swift in Sources */,
				FB2153AB2630085F00BE529D /* SettingsView.swift in Sources */,
				FB2153A22630048500BE529D /* Strings+localisations.swift in Sources */,
				FB21537D2630019700BE529D /* LocalisationApp.swift in Sources */,
			);
			runOnlyForDeploymentPostprocessing = 0;
		};
/* End PBXSourcesBuildPhase section */

/* Begin PBXVariantGroup section */
		FB215392263003C800BE529D /* Localizable.strings */ = {
			isa = PBXVariantGroup;
			children = (
				FB215391263003C800BE529D /* en */,
				FB21539C2630040300BE529D /* ru */,
			);
			name = Localizable.strings;
			sourceTree = "<group>";
		};
		FB2153B82630173F00BE529D /* InfoPlist.strings */ = {
			isa = PBXVariantGroup;
			children = (
				FB2153B72630173F00BE529D /* en */,
				FB2153BA2630175700BE529D /* ru */,
			);
			name = InfoPlist.strings;
			sourceTree = "<group>";
		};
/* End PBXVariantGroup section */

/* Begin XCBuildConfiguration section */
		FB2153862630019900BE529D /* Debug */ = {
			isa = XCBuildConfiguration;
			buildSettings = {
				ALWAYS_SEARCH_USER_PATHS = NO;
				CLANG_ANALYZER_NONNULL = YES;
				CLANG_ANALYZER_NUMBER_OBJECT_CONVERSION = YES_AGGRESSIVE;
				CLANG_CXX_LANGUAGE_STANDARD = "gnu++14";
				CLANG_CXX_LIBRARY = "libc++";
				CLANG_ENABLE_MODULES = YES;
				CLANG_ENABLE_OBJC_ARC = YES;
				CLANG_ENABLE_OBJC_WEAK = YES;
				CLANG_WARN_BLOCK_CAPTURE_AUTORELEASING = YES;
				CLANG_WARN_BOOL_CONVERSION = YES;
				CLANG_WARN_COMMA = YES;
				CLANG_WARN_CONSTANT_CONVERSION = YES;
				CLANG_WARN_DEPRECATED_OBJC_IMPLEMENTATIONS = YES;
				CLANG_WARN_DIRECT_OBJC_ISA_USAGE = YES_ERROR;
				CLANG_WARN_DOCUMENTATION_COMMENTS = YES;
				CLANG_WARN_EMPTY_BODY = YES;
				CLANG_WARN_ENUM_CONVERSION = YES;
				CLANG_WARN_INFINITE_RECURSION = YES;
				CLANG_WARN_INT_CONVERSION = YES;
				CLANG_WARN_NON_LITERAL_NULL_CONVERSION = YES;
				CLANG_WARN_OBJC_IMPLICIT_RETAIN_SELF = YES;
				CLANG_WARN_OBJC_LITERAL_CONVERSION = YES;
				CLANG_WARN_OBJC_ROOT_CLASS = YES_ERROR;
				CLANG_WARN_QUOTED_INCLUDE_IN_FRAMEWORK_HEADER = YES;
				CLANG_WARN_RANGE_LOOP_ANALYSIS = YES;
				CLANG_WARN_STRICT_PROTOTYPES = YES;
				CLANG_WARN_SUSPICIOUS_MOVE = YES;
				CLANG_WARN_UNGUARDED_AVAILABILITY = YES_AGGRESSIVE;
				CLANG_WARN_UNREACHABLE_CODE = YES;
				CLANG_WARN__DUPLICATE_METHOD_MATCH = YES;
				COPY_PHASE_STRIP = NO;
				DEBUG_INFORMATION_FORMAT = dwarf;
				ENABLE_STRICT_OBJC_MSGSEND = YES;
				ENABLE_TESTABILITY = YES;
				GCC_C_LANGUAGE_STANDARD = gnu11;
				GCC_DYNAMIC_NO_PIC = NO;
				GCC_NO_COMMON_BLOCKS = YES;
				GCC_OPTIMIZATION_LEVEL = 0;
				GCC_PREPROCESSOR_DEFINITIONS = (
					"DEBUG=1",
					"$(inherited)",
				);
				GCC_WARN_64_TO_32_BIT_CONVERSION = YES;
				GCC_WARN_ABOUT_RETURN_TYPE = YES_ERROR;
				GCC_WARN_UNDECLARED_SELECTOR = YES;
				GCC_WARN_UNINITIALIZED_AUTOS = YES_AGGRESSIVE;
				GCC_WARN_UNUSED_FUNCTION = YES;
				GCC_WARN_UNUSED_VARIABLE = YES;
				IPHONEOS_DEPLOYMENT_TARGET = 14.4;
				MTL_ENABLE_DEBUG_INFO = INCLUDE_SOURCE;
				MTL_FAST_MATH = YES;
				ONLY_ACTIVE_ARCH = YES;
				SDKROOT = iphoneos;
				SWIFT_ACTIVE_COMPILATION_CONDITIONS = DEBUG;
				SWIFT_OPTIMIZATION_LEVEL = "-Onone";
			};
			name = Debug;
		};
		FB2153872630019900BE529D /* Release */ = {
			isa = XCBuildConfiguration;
			buildSettings = {
				ALWAYS_SEARCH_USER_PATHS = NO;
				CLANG_ANALYZER_NONNULL = YES;
				CLANG_ANALYZER_NUMBER_OBJECT_CONVERSION = YES_AGGRESSIVE;
				CLANG_CXX_LANGUAGE_STANDARD = "gnu++14";
				CLANG_CXX_LIBRARY = "libc++";
				CLANG_ENABLE_MODULES = YES;
				CLANG_ENABLE_OBJC_ARC = YES;
				CLANG_ENABLE_OBJC_WEAK = YES;
				CLANG_WARN_BLOCK_CAPTURE_AUTORELEASING = YES;
				CLANG_WARN_BOOL_CONVERSION = YES;
				CLANG_WARN_COMMA = YES;
				CLANG_WARN_CONSTANT_CONVERSION = YES;
				CLANG_WARN_DEPRECATED_OBJC_IMPLEMENTATIONS = YES;
				CLANG_WARN_DIRECT_OBJC_ISA_USAGE = YES_ERROR;
				CLANG_WARN_DOCUMENTATION_COMMENTS = YES;
				CLANG_WARN_EMPTY_BODY = YES;
				CLANG_WARN_ENUM_CONVERSION = YES;
				CLANG_WARN_INFINITE_RECURSION = YES;
				CLANG_WARN_INT_CONVERSION = YES;
				CLANG_WARN_NON_LITERAL_NULL_CONVERSION = YES;
				CLANG_WARN_OBJC_IMPLICIT_RETAIN_SELF = YES;
				CLANG_WARN_OBJC_LITERAL_CONVERSION = YES;
				CLANG_WARN_OBJC_ROOT_CLASS = YES_ERROR;
				CLANG_WARN_QUOTED_INCLUDE_IN_FRAMEWORK_HEADER = YES;
				CLANG_WARN_RANGE_LOOP_ANALYSIS = YES;
				CLANG_WARN_STRICT_PROTOTYPES = YES;
				CLANG_WARN_SUSPICIOUS_MOVE = YES;
				CLANG_WARN_UNGUARDED_AVAILABILITY = YES_AGGRESSIVE;
				CLANG_WARN_UNREACHABLE_CODE = YES;
				CLANG_WARN__DUPLICATE_METHOD_MATCH = YES;
				COPY_PHASE_STRIP = NO;
				DEBUG_INFORMATION_FORMAT = "dwarf-with-dsym";
				ENABLE_NS_ASSERTIONS = NO;
				ENABLE_STRICT_OBJC_MSGSEND = YES;
				GCC_C_LANGUAGE_STANDARD = gnu11;
				GCC_NO_COMMON_BLOCKS = YES;
				GCC_WARN_64_TO_32_BIT_CONVERSION = YES;
				GCC_WARN_ABOUT_RETURN_TYPE = YES_ERROR;
				GCC_WARN_UNDECLARED_SELECTOR = YES;
				GCC_WARN_UNINITIALIZED_AUTOS = YES_AGGRESSIVE;
				GCC_WARN_UNUSED_FUNCTION = YES;
				GCC_WARN_UNUSED_VARIABLE = YES;
				IPHONEOS_DEPLOYMENT_TARGET = 14.4;
				MTL_ENABLE_DEBUG_INFO = NO;
				MTL_FAST_MATH = YES;
				SDKROOT = iphoneos;
				SWIFT_COMPILATION_MODE = wholemodule;
				SWIFT_OPTIMIZATION_LEVEL = "-O";
				VALIDATE_PRODUCT = YES;
			};
			name = Release;
		};
		FB2153892630019900BE529D /* Debug */ = {
			isa = XCBuildConfiguration;
			buildSettings = {
				ASSETCATALOG_COMPILER_APPICON_NAME = AppIcon;
				ASSETCATALOG_COMPILER_GLOBAL_ACCENT_COLOR_NAME = AccentColor;
				CODE_SIGN_STYLE = Automatic;
				DEVELOPMENT_ASSET_PATHS = "\"Localisation/Preview Content\"";
				DEVELOPMENT_TEAM = 376A7TU685;
				ENABLE_PREVIEWS = YES;
				INFOPLIST_FILE = Localisation/Info.plist;
				IPHONEOS_DEPLOYMENT_TARGET = 14.0;
				LD_RUNPATH_SEARCH_PATHS = (
					"$(inherited)",
					"@executable_path/Frameworks",
				);
				PRODUCT_BUNDLE_IDENTIFIER = com.leonid.Localisation;
				PRODUCT_NAME = "$(TARGET_NAME)";
				SWIFT_VERSION = 5.0;
				TARGETED_DEVICE_FAMILY = "1,2";
			};
			name = Debug;
		};
		FB21538A2630019900BE529D /* Release */ = {
			isa = XCBuildConfiguration;
			buildSettings = {
				ASSETCATALOG_COMPILER_APPICON_NAME = AppIcon;
				ASSETCATALOG_COMPILER_GLOBAL_ACCENT_COLOR_NAME = AccentColor;
				CODE_SIGN_STYLE = Automatic;
				DEVELOPMENT_ASSET_PATHS = "\"Localisation/Preview Content\"";
				DEVELOPMENT_TEAM = 376A7TU685;
				ENABLE_PREVIEWS = YES;
				INFOPLIST_FILE = Localisation/Info.plist;
				IPHONEOS_DEPLOYMENT_TARGET = 14.0;
				LD_RUNPATH_SEARCH_PATHS = (
					"$(inherited)",
					"@executable_path/Frameworks",
				);
				PRODUCT_BUNDLE_IDENTIFIER = com.leonid.Localisation;
				PRODUCT_NAME = "$(TARGET_NAME)";
				SWIFT_VERSION = 5.0;
				TARGETED_DEVICE_FAMILY = "1,2";
			};
			name = Release;
		};
/* End XCBuildConfiguration section */

/* Begin XCConfigurationList section */
		FB2153742630019700BE529D /* Build configuration list for PBXProject "Localisation" */ = {
			isa = XCConfigurationList;
			buildConfigurations = (
				FB2153862630019900BE529D /* Debug */,
				FB2153872630019900BE529D /* Release */,
			);
			defaultConfigurationIsVisible = 0;
			defaultConfigurationName = Release;
		};
		FB2153882630019900BE529D /* Build configuration list for PBXNativeTarget "Localisation" */ = {
			isa = XCConfigurationList;
			buildConfigurations = (
				FB2153892630019900BE529D /* Debug */,
				FB21538A2630019900BE529D /* Release */,
			);
			defaultConfigurationIsVisible = 0;
			defaultConfigurationName = Release;
		};
/* End XCConfigurationList section */
	};
	rootObject = FB2153712630019700BE529D /* Project object */;
}
